
Microsoft Visual Studio Solution File, Format Version 12.00
# Visual Studio Version 17
VisualStudioVersion = 17.5.002.0
MinimumVisualStudioVersion = 10.0.40219.1
Project("{9A19103F-16F7-4668-BE54-9A1E7A4F7556}") = "HomeWork1", "HomeWork1.csproj", "{99C76600-840D-43F3-945D-1924BA9BCF44}"
EndProject
Global
	GlobalSection(SolutionConfigurationPlatforms) = preSolution
		Debug|Any CPU = Debug|Any CPU
		Release|Any CPU = Release|Any CPU
	EndGlobalSection
	GlobalSection(ProjectConfigurationPlatforms) = postSolution
		{99C76600-840D-43F3-945D-1924BA9BCF44}.Debug|Any CPU.ActiveCfg = Debug|Any CPU
		{99C76600-840D-43F3-945D-1924BA9BCF44}.Debug|Any CPU.Build.0 = Debug|Any CPU
		{99C76600-840D-43F3-945D-1924BA9BCF44}.Release|Any CPU.ActiveCfg = Release|Any CPU
		{99C76600-840D-43F3-945D-1924BA9BCF44}.Release|Any CPU.Build.0 = Release|Any CPU
	EndGlobalSection
	GlobalSection(SolutionProperties) = preSolution
		HideSolutionNode = FALSE
	EndGlobalSection
	GlobalSection(ExtensibilityGlobals) = postSolution
		SolutionGuid = {3D3AF6F5-2A57-40AC-9A75-E7C45B784F37}
	EndGlobalSection
EndGlobal
